
Microsoft Visual Studio Solution File, Format Version 12.00
# Visual Studio Version 16
VisualStudioVersion = 16.0.30320.27
MinimumVisualStudioVersion = 10.0.40219.1
Project("{FAE04EC0-301F-11D3-BF4B-00C04F79EFBC}") = "ConsoleApp1", "ConsoleApp1\ConsoleApp1.csproj", "{51CECF3A-C886-4772-9666-8979196A97FF}"
EndProject
Global
	GlobalSection(SolutionConfigurationPlatforms) = preSolution
		Debug|Any CPU = Debug|Any CPU
		Release|Any CPU = Release|Any CPU
	EndGlobalSection
	GlobalSection(ProjectConfigurationPlatforms) = postSolution
		{51CECF3A-C886-4772-9666-8979196A97FF}.Debug|Any CPU.ActiveCfg = Debug|Any CPU
		{51CECF3A-C886-4772-9666-8979196A97FF}.Debug|Any CPU.Build.0 = Debug|Any CPU
		{51CECF3A-C886-4772-9666-8979196A97FF}.Release|Any CPU.ActiveCfg = Release|Any CPU
		{51CECF3A-C886-4772-9666-8979196A97FF}.Release|Any CPU.Build.0 = Release|Any CPU
	EndGlobalSection
	GlobalSection(SolutionProperties) = preSolution
		HideSolutionNode = FALSE
	EndGlobalSection
	GlobalSection(ExtensibilityGlobals) = postSolution
		SolutionGuid = {B92CC1F8-BB35-4A4B-8E04-0D69766D306F}
	EndGlobalSection
EndGlobal
